
Microsoft Visual Studio Solution File, Format Version 12.00
# Visual Studio Version 17
VisualStudioVersion = 17.14.36414.22
MinimumVisualStudioVersion = 10.0.40219.1
Project("{FAE04EC0-301F-11D3-BF4B-00C04F79EFBC}") = "LearningTrainer", "LearningTrainer\LearningTrainer.csproj", "{C4A4013C-DF15-4817-9E42-508723FD122E}"
EndProject
Project("{FAE04EC0-301F-11D3-BF4B-00C04F79EFBC}") = "LearningAPI", "LearningAPI\LearningAPI.csproj", "{81B6B914-C1FA-4812-984A-3E58C796C001}"
EndProject
Project("{FAE04EC0-301F-11D3-BF4B-00C04F79EFBC}") = "LearningTrainerShared", "LearningTrainerShared\LearningTrainerShared.csproj", "{A05B3AF2-6ACC-46D2-8AE0-5CD03145E3B5}"
EndProject
Project("{FAE04EC0-301F-11D3-BF4B-00C04F79EFBC}") = "StressTestClient", "StressTestClient\StressTestClient.csproj", "{C23AAAA9-0F13-4E1D-B2BD-317EB2A17899}"
EndProject
Project("{FAE04EC0-301F-11D3-BF4B-00C04F79EFBC}") = "LearningAPI.Tests", "LearningAPI.Tests\LearningAPI.Tests.csproj", "{285B6B24-8CE5-43DF-981F-139D89DD05C9}"
EndProject
Project("{FAE04EC0-301F-11D3-BF4B-00C04F79EFBC}") = "LearningTrainerWeb", "LearningTrainerWeb\LearningTrainerWeb.csproj", "{3A0D2027-FB77-45B8-B8AA-0EFCAF2B9C7B}"
EndProject
Global
	GlobalSection(SolutionConfigurationPlatforms) = preSolution
		Debug|Any CPU = Debug|Any CPU
		Debug|x64 = Debug|x64
		Debug|x86 = Debug|x86
		Release|Any CPU = Release|Any CPU
		Release|x64 = Release|x64
		Release|x86 = Release|x86
	EndGlobalSection
	GlobalSection(ProjectConfigurationPlatforms) = postSolution
		{C4A4013C-DF15-4817-9E42-508723FD122E}.Debug|Any CPU.ActiveCfg = Debug|Any CPU
		{C4A4013C-DF15-4817-9E42-508723FD122E}.Debug|Any CPU.Build.0 = Debug|Any CPU
		{C4A4013C-DF15-4817-9E42-508723FD122E}.Debug|x64.ActiveCfg = Debug|Any CPU
		{C4A4013C-DF15-4817-9E42-508723FD122E}.Debug|x64.Build.0 = Debug|Any CPU
		{C4A4013C-DF15-4817-9E42-508723FD122E}.Debug|x86.ActiveCfg = Debug|Any CPU
		{C4A4013C-DF15-4817-9E42-508723FD122E}.Debug|x86.Build.0 = Debug|Any CPU
		{C4A4013C-DF15-4817-9E42-508723FD122E}.Release|Any CPU.ActiveCfg = Release|Any CPU
		{C4A4013C-DF15-4817-9E42-508723FD122E}.Release|Any CPU.Build.0 = Release|Any CPU
		{C4A4013C-DF15-4817-9E42-508723FD122E}.Release|x64.ActiveCfg = Release|Any CPU
		{C4A4013C-DF15-4817-9E42-508723FD122E}.Release|x64.Build.0 = Release|Any CPU
		{C4A4013C-DF15-4817-9E42-508723FD122E}.Release|x86.ActiveCfg = Release|Any CPU
		{C4A4013C-DF15-4817-9E42-508723FD122E}.Release|x86.Build.0 = Release|Any CPU
		{81B6B914-C1FA-4812-984A-3E58C796C001}.Debug|Any CPU.ActiveCfg = Debug|Any CPU
		{81B6B914-C1FA-4812-984A-3E58C796C001}.Debug|Any CPU.Build.0 = Debug|Any CPU
		{81B6B914-C1FA-4812-984A-3E58C796C001}.Debug|x64.ActiveCfg = Debug|Any CPU
		{81B6B914-C1FA-4812-984A-3E58C796C001}.Debug|x64.Build.0 = Debug|Any CPU
		{81B6B914-C1FA-4812-984A-3E58C796C001}.Debug|x86.ActiveCfg = Debug|Any CPU
		{81B6B914-C1FA-4812-984A-3E58C796C001}.Debug|x86.Build.0 = Debug|Any CPU
		{81B6B914-C1FA-4812-984A-3E58C796C001}.Release|Any CPU.ActiveCfg = Release|Any CPU
		{81B6B914-C1FA-4812-984A-3E58C796C001}.Release|Any CPU.Build.0 = Release|Any CPU
		{81B6B914-C1FA-4812-984A-3E58C796C001}.Release|x64.ActiveCfg = Release|Any CPU
		{81B6B914-C1FA-4812-984A-3E58C796C001}.Release|x64.Build.0 = Release|Any CPU
		{81B6B914-C1FA-4812-984A-3E58C796C001}.Release|x86.ActiveCfg = Release|Any CPU
		{81B6B914-C1FA-4812-984A-3E58C796C001}.Release|x86.Build.0 = Release|Any CPU
		{A05B3AF2-6ACC-46D2-8AE0-5CD03145E3B5}.Debug|Any CPU.ActiveCfg = Debug|Any CPU
		{A05B3AF2-6ACC-46D2-8AE0-5CD03145E3B5}.Debug|Any CPU.Build.0 = Debug|Any CPU
		{A05B3AF2-6ACC-46D2-8AE0-5CD03145E3B5}.Debug|x64.ActiveCfg = Debug|Any CPU
		{A05B3AF2-6ACC-46D2-8AE0-5CD03145E3B5}.Debug|x64.Build.0 = Debug|Any CPU
		{A05B3AF2-6ACC-46D2-8AE0-5CD03145E3B5}.Debug|x86.ActiveCfg = Debug|Any CPU
		{A05B3AF2-6ACC-46D2-8AE0-5CD03145E3B5}.Debug|x86.Build.0 = Debug|Any CPU
		{A05B3AF2-6ACC-46D2-8AE0-5CD03145E3B5}.Release|Any CPU.ActiveCfg = Release|Any CPU
		{A05B3AF2-6ACC-46D2-8AE0-5CD03145E3B5}.Release|Any CPU.Build.0 = Release|Any CPU
		{A05B3AF2-6ACC-46D2-8AE0-5CD03145E3B5}.Release|x64.ActiveCfg = Release|Any CPU
		{A05B3AF2-6ACC-46D2-8AE0-5CD03145E3B5}.Release|x64.Build.0 = Release|Any CPU
		{A05B3AF2-6ACC-46D2-8AE0-5CD03145E3B5}.Release|x86.ActiveCfg = Release|Any CPU
		{A05B3AF2-6ACC-46D2-8AE0-5CD03145E3B5}.Release|x86.Build.0 = Release|Any CPU
		{C23AAAA9-0F13-4E1D-B2BD-317EB2A17899}.Debug|Any CPU.ActiveCfg = Debug|Any CPU
		{C23AAAA9-0F13-4E1D-B2BD-317EB2A17899}.Debug|Any CPU.Build.0 = Debug|Any CPU
		{C23AAAA9-0F13-4E1D-B2BD-317EB2A17899}.Debug|x64.ActiveCfg = Debug|Any CPU
		{C23AAAA9-0F13-4E1D-B2BD-317EB2A17899}.Debug|x64.Build.0 = Debug|Any CPU
		{C23AAAA9-0F13-4E1D-B2BD-317EB2A17899}.Debug|x86.ActiveCfg = Debug|Any CPU
		{C23AAAA9-0F13-4E1D-B2BD-317EB2A17899}.Debug|x86.Build.0 = Debug|Any CPU
		{C23AAAA9-0F13-4E1D-B2BD-317EB2A17899}.Release|Any CPU.ActiveCfg = Release|Any CPU
		{C23AAAA9-0F13-4E1D-B2BD-317EB2A17899}.Release|Any CPU.Build.0 = Release|Any CPU
		{C23AAAA9-0F13-4E1D-B2BD-317EB2A17899}.Release|x64.ActiveCfg = Release|Any CPU
		{C23AAAA9-0F13-4E1D-B2BD-317EB2A17899}.Release|x64.Build.0 = Release|Any CPU
		{C23AAAA9-0F13-4E1D-B2BD-317EB2A17899}.Release|x86.ActiveCfg = Release|Any CPU
		{C23AAAA9-0F13-4E1D-B2BD-317EB2A17899}.Release|x86.Build.0 = Release|Any CPU
		{285B6B24-8CE5-43DF-981F-139D89DD05C9}.Debug|Any CPU.ActiveCfg = Debug|Any CPU
		{285B6B24-8CE5-43DF-981F-139D89DD05C9}.Debug|Any CPU.Build.0 = Debug|Any CPU
		{285B6B24-8CE5-43DF-981F-139D89DD05C9}.Debug|x64.ActiveCfg = Debug|Any CPU
		{285B6B24-8CE5-43DF-981F-139D89DD05C9}.Debug|x64.Build.0 = Debug|Any CPU
		{285B6B24-8CE5-43DF-981F-139D89DD05C9}.Debug|x86.ActiveCfg = Debug|Any CPU
		{285B6B24-8CE5-43DF-981F-139D89DD05C9}.Debug|x86.Build.0 = Debug|Any CPU
		{285B6B24-8CE5-43DF-981F-139D89DD05C9}.Release|Any CPU.ActiveCfg = Release|Any CPU
		{285B6B24-8CE5-43DF-981F-139D89DD05C9}.Release|Any CPU.Build.0 = Release|Any CPU
		{285B6B24-8CE5-43DF-981F-139D89DD05C9}.Release|x64.ActiveCfg = Release|Any CPU
		{285B6B24-8CE5-43DF-981F-139D89DD05C9}.Release|x64.Build.0 = Release|Any CPU
		{285B6B24-8CE5-43DF-981F-139D89DD05C9}.Release|x86.ActiveCfg = Release|Any CPU
		{285B6B24-8CE5-43DF-981F-139D89DD05C9}.Release|x86.Build.0 = Release|Any CPU
		{3A0D2027-FB77-45B8-B8AA-0EFCAF2B9C7B}.Debug|Any CPU.ActiveCfg = Debug|Any CPU
		{3A0D2027-FB77-45B8-B8AA-0EFCAF2B9C7B}.Debug|Any CPU.Build.0 = Debug|Any CPU
		{3A0D2027-FB77-45B8-B8AA-0EFCAF2B9C7B}.Debug|x64.ActiveCfg = Debug|Any CPU
		{3A0D2027-FB77-45B8-B8AA-0EFCAF2B9C7B}.Debug|x64.Build.0 = Debug|Any CPU
		{3A0D2027-FB77-45B8-B8AA-0EFCAF2B9C7B}.Debug|x86.ActiveCfg = Debug|Any CPU
		{3A0D2027-FB77-45B8-B8AA-0EFCAF2B9C7B}.Debug|x86.Build.0 = Debug|Any CPU
		{3A0D2027-FB77-45B8-B8AA-0EFCAF2B9C7B}.Release|Any CPU.ActiveCfg = Release|Any CPU
		{3A0D2027-FB77-45B8-B8AA-0EFCAF2B9C7B}.Release|Any CPU.Build.0 = Release|Any CPU
		{3A0D2027-FB77-45B8-B8AA-0EFCAF2B9C7B}.Release|x64.ActiveCfg = Release|Any CPU
		{3A0D2027-FB77-45B8-B8AA-0EFCAF2B9C7B}.Release|x64.Build.0 = Release|Any CPU
		{3A0D2027-FB77-45B8-B8AA-0EFCAF2B9C7B}.Release|x86.ActiveCfg = Release|Any CPU
		{3A0D2027-FB77-45B8-B8AA-0EFCAF2B9C7B}.Release|x86.Build.0 = Release|Any CPU
	EndGlobalSection
	GlobalSection(SolutionProperties) = preSolution
		HideSolutionNode = FALSE
	EndGlobalSection
	GlobalSection(ExtensibilityGlobals) = postSolution
		SolutionGuid = {DFBA88BA-17FA-4B80-84D8-5A7E0D5DB6CC}
	EndGlobalSection
EndGlobal
