Microsoft Visual Studio Solution File, Format Version 12.00
# Visual Studio Version 17
VisualStudioVersion = 17.5.2.0
MinimumVisualStudioVersion = 10.0.40219.1
Project("{FAE04EC0-301F-11D3-BF4B-00C04F79EFBC}") = "LearningTrainerWeb", "LearningTrainerWeb.csproj", "{7FE189BF-DB1A-A4F2-39AD-818BC5700D23}"
EndProject
Global
	GlobalSection(SolutionConfigurationPlatforms) = preSolution
		Debug|Any CPU = Debug|Any CPU
		Release|Any CPU = Release|Any CPU
	EndGlobalSection
	GlobalSection(ProjectConfigurationPlatforms) = postSolution
		{7FE189BF-DB1A-A4F2-39AD-818BC5700D23}.Debug|Any CPU.ActiveCfg = Debug|Any CPU
		{7FE189BF-DB1A-A4F2-39AD-818BC5700D23}.Debug|Any CPU.Build.0 = Debug|Any CPU
		{7FE189BF-DB1A-A4F2-39AD-818BC5700D23}.Release|Any CPU.ActiveCfg = Release|Any CPU
		{7FE189BF-DB1A-A4F2-39AD-818BC5700D23}.Release|Any CPU.Build.0 = Release|Any CPU
	EndGlobalSection
	GlobalSection(SolutionProperties) = preSolution
		HideSolutionNode = FALSE
	EndGlobalSection
	GlobalSection(ExtensibilityGlobals) = postSolution
		SolutionGuid = {7AD6ADCF-1D9B-4A23-8117-63110E93DD63}
	EndGlobalSection
EndGlobal
